
Microsoft Visual Studio Solution File, Format Version 12.00
# Visual Studio Version 16
VisualStudioVersion = 16.0.29806.167
MinimumVisualStudioVersion = 10.0.40219.1
Project("{FAE04EC0-301F-11D3-BF4B-00C04F79EFBC}") = "ConsoleApp1", "ConsoleApp1\ConsoleApp1.csproj", "{D4AF62E8-3DCC-460A-B635-B8EAE1B934A7}"
EndProject
Global
	GlobalSection(SolutionConfigurationPlatforms) = preSolution
		Debug|Any CPU = Debug|Any CPU
		Release|Any CPU = Release|Any CPU
	EndGlobalSection
	GlobalSection(ProjectConfigurationPlatforms) = postSolution
		{D4AF62E8-3DCC-460A-B635-B8EAE1B934A7}.Debug|Any CPU.ActiveCfg = Debug|Any CPU
		{D4AF62E8-3DCC-460A-B635-B8EAE1B934A7}.Debug|Any CPU.Build.0 = Debug|Any CPU
		{D4AF62E8-3DCC-460A-B635-B8EAE1B934A7}.Release|Any CPU.ActiveCfg = Release|Any CPU
		{D4AF62E8-3DCC-460A-B635-B8EAE1B934A7}.Release|Any CPU.Build.0 = Release|Any CPU
	EndGlobalSection
	GlobalSection(SolutionProperties) = preSolution
		HideSolutionNode = FALSE
	EndGlobalSection
	GlobalSection(ExtensibilityGlobals) = postSolution
		SolutionGuid = {CCF121A3-9287-4B77-A997-B95F68517D10}
	EndGlobalSection
EndGlobal
